
Microsoft Visual Studio Solution File, Format Version 12.00
# Visual Studio Version 17
VisualStudioVersion = 17.10.35013.160
MinimumVisualStudioVersion = 10.0.40219.1
Project("{FAE04EC0-301F-11D3-BF4B-00C04F79EFBC}") = "Eliz", "Eliz\Eliz.csproj", "{EC8DA93A-9525-4A8A-8DC2-CCF6810F6FDE}"
EndProject
Global
	GlobalSection(SolutionConfigurationPlatforms) = preSolution
		Debug|Any CPU = Debug|Any CPU
		Release|Any CPU = Release|Any CPU
	EndGlobalSection
	GlobalSection(ProjectConfigurationPlatforms) = postSolution
		{EC8DA93A-9525-4A8A-8DC2-CCF6810F6FDE}.Debug|Any CPU.ActiveCfg = Debug|Any CPU
		{EC8DA93A-9525-4A8A-8DC2-CCF6810F6FDE}.Debug|Any CPU.Build.0 = Debug|Any CPU
		{EC8DA93A-9525-4A8A-8DC2-CCF6810F6FDE}.Release|Any CPU.ActiveCfg = Release|Any CPU
		{EC8DA93A-9525-4A8A-8DC2-CCF6810F6FDE}.Release|Any CPU.Build.0 = Release|Any CPU
	EndGlobalSection
	GlobalSection(SolutionProperties) = preSolution
		HideSolutionNode = FALSE
	EndGlobalSection
	GlobalSection(ExtensibilityGlobals) = postSolution
		SolutionGuid = {6E36BB1E-D30B-48AA-9CBA-3A8BAA49ECFA}
	EndGlobalSection
EndGlobal
